<?xml version="1.0" encoding="utf-8"?>
<Project ToolsVersion="4.0" xmlns="http://schemas.microsoft.com/developer/msbuild/2003">
  <ItemGroup>
    <ClCompile Include="main.cpp" />
    <ClCompile Include="src\AcceptSockMgr.cpp">
      <Filter>src</Filter>
    </ClCompile>
    <ClCompile Include="src\AcceptSockNode.cpp">
      <Filter>src</Filter>
    </ClCompile>
    <ClCompile Include="src\ClientSock.cpp">
      <Filter>src</Filter>
    </ClCompile>
    <ClCompile Include="src\IOCP.cpp">
      <Filter>src</Filter>
    </ClCompile>
    <ClCompile Include="src\ServerSock.cpp">
      <Filter>src</Filter>
    </ClCompile>
    <ClCompile Include="src\WinSock.cpp">
      <Filter>src</Filter>
    </ClCompile>
  </ItemGroup>
  <ItemGroup>
    <Filter Include="src">
      <UniqueIdentifier>{5d2f0ab3-1455-4fb4-919d-e4e1d48ba442}</UniqueIdentifier>
    </Filter>
    <Filter Include="inc">
      <UniqueIdentifier>{da89366c-c344-4fd7-9ba5-5d7553562661}</UniqueIdentifier>
    </Filter>
  </ItemGroup>
  <ItemGroup>
    <ClInclude Include="inc\AcceptSockMgr.h">
      <Filter>inc</Filter>
    </ClInclude>
    <ClInclude Include="inc\AcceptSockNode.h">
      <Filter>inc</Filter>
    </ClInclude>
    <ClInclude Include="inc\CharVector.h">
      <Filter>inc</Filter>
    </ClInclude>
    <ClInclude Include="inc\ClientSock.h">
      <Filter>inc</Filter>
    </ClInclude>
    <ClInclude Include="inc\Console.h">
      <Filter>inc</Filter>
    </ClInclude>
    <ClInclude Include="inc\IOCP.h">
      <Filter>inc</Filter>
    </ClInclude>
    <ClInclude Include="inc\mtutil.h">
      <Filter>inc</Filter>
    </ClInclude>
    <ClInclude Include="inc\PerIOData.h">
      <Filter>inc</Filter>
    </ClInclude>
    <ClInclude Include="inc\ServerSock.h">
      <Filter>inc</Filter>
    </ClInclude>
    <ClInclude Include="inc\WinSock.h">
      <Filter>inc</Filter>
    </ClInclude>
  </ItemGroup>
</Project>